
Microsoft Visual Studio Solution File, Format Version 12.00
# Visual Studio 15
Project("{FAE04EC0-301F-11D3-BF4B-00C04F79EFBC}") = "ConcentrixHW", "ConcentrixHW\ConcentrixHW.csproj", "{F6B93F13-EE1C-4E48-804E-C71D041671AF}"
EndProject
Global
	GlobalSection(SolutionConfigurationPlatforms) = preSolution
		Debug|Any CPU = Debug|Any CPU
		Release|Any CPU = Release|Any CPU
	EndGlobalSection
	GlobalSection(ProjectConfigurationPlatforms) = postSolution
		{F6B93F13-EE1C-4E48-804E-C71D041671AF}.Debug|Any CPU.ActiveCfg = Debug|Any CPU
		{F6B93F13-EE1C-4E48-804E-C71D041671AF}.Debug|Any CPU.Build.0 = Debug|Any CPU
		{F6B93F13-EE1C-4E48-804E-C71D041671AF}.Release|Any CPU.ActiveCfg = Release|Any CPU
		{F6B93F13-EE1C-4E48-804E-C71D041671AF}.Release|Any CPU.Build.0 = Release|Any CPU
	EndGlobalSection
EndGlobal
